{
  "name": "examples",
  "version": "1.0.0",
  "lockfileVersion": 1,
  "requires": true,
  "dependencies": {
    "npm-library-publish-test": {
      "version": "0.0.7",
      "resolved": "https://registry.npmjs.org/npm-library-publish-test/-/npm-library-publish-test-0.0.7.tgz",
      "integrity": "sha512-xomszoK/MT5eQ2RQpXEuKjonqOUCJywphn+ZgAFXfyFF1+qmie+f4tCEvBUR4HQbsjzjs9z8pIiNM+TDHVIxjQ=="
    }
  }
}
